
Microsoft Visual Studio Solution File, Format Version 12.00
# Visual Studio 2012
Project("{FAE04EC0-301F-11D3-BF4B-00C04F79EFBC}") = "DemoApp", "src\DemoApp\DemoApp.csproj", "{5D7EE27E-4049-4368-AC01-2BF7AE3F9FB2}"
	ProjectSection(ProjectDependencies) = postProject
		{A8AA9BE7-84E8-435F-8DDB-57279C8A5584} = {A8AA9BE7-84E8-435F-8DDB-57279C8A5584}
	EndProjectSection
EndProject
Project("{FAE04EC0-301F-11D3-BF4B-00C04F79EFBC}") = "DemoApp.Unit.Tests", "src\DemoApp.Unit.Tests\DemoApp.Unit.Tests.csproj", "{FBED2DD7-C6FA-4942-BB87-4EA6D108D4F9}"
EndProject
Project("{FAE04EC0-301F-11D3-BF4B-00C04F79EFBC}") = "DemoAppPlugins", "src\DemoAppPlugins\DemoAppPlugins.csproj", "{A8AA9BE7-84E8-435F-8DDB-57279C8A5584}"
EndProject
Project("{FAE04EC0-301F-11D3-BF4B-00C04F79EFBC}") = "DemoApp.Contracts", "src\DemoApp.Contracts\DemoApp.Contracts.csproj", "{D654AE15-05E0-4E39-A20A-9B6F74E69C52}"
EndProject
Project("{2150E333-8FDC-42A3-9474-1A3956D46DE8}") = "01 Simple plugin and IoC demo", "01 Simple plugin and IoC demo", "{102D3D57-0B26-4188-93E3-50259E46AC17}"
EndProject
Project("{2150E333-8FDC-42A3-9474-1A3956D46DE8}") = "02 Live plugin updates", "02 Live plugin updates", "{F1A186E6-C782-49B6-8407-019DDE8B7C50}"
EndProject
Project("{FAE04EC0-301F-11D3-BF4B-00C04F79EFBC}") = "PluginWatcher.App", "src\PluginWatcher.App\PluginWatcher.App.csproj", "{902F3361-4850-4CCD-BA29-12EAEF0D0E91}"
	ProjectSection(ProjectDependencies) = postProject
		{FF450695-DA06-4DD1-B215-B4398940CC45} = {FF450695-DA06-4DD1-B215-B4398940CC45}
	EndProjectSection
EndProject
Project("{FAE04EC0-301F-11D3-BF4B-00C04F79EFBC}") = "PluginWatcher.Contracts", "src\PluginWatcher.Contracts\PluginWatcher.Contracts.csproj", "{87C2EFDD-F1C7-47AF-9762-F5E77914D484}"
EndProject
Project("{FAE04EC0-301F-11D3-BF4B-00C04F79EFBC}") = "WatcherPlugin_A", "src\WatcherPlugin_A\WatcherPlugin_A.csproj", "{FF450695-DA06-4DD1-B215-B4398940CC45}"
EndProject
Project("{2150E333-8FDC-42A3-9474-1A3956D46DE8}") = "_Info", "_Info", "{F1BB0F19-E17C-494E-9550-B8E39F9DEDE1}"
	ProjectSection(SolutionItems) = preProject
		README.md = README.md
	EndProjectSection
EndProject
Project("{2150E333-8FDC-42A3-9474-1A3956D46DE8}") = "_Shared", "_Shared", "{2B6B65F4-3F2B-42D8-91B8-C3A6665C35A6}"
EndProject
Project("{FAE04EC0-301F-11D3-BF4B-00C04F79EFBC}") = "PluginWatcher", "src\PluginWatcher\PluginWatcher.csproj", "{2B014411-9819-4534-9337-517902CAEC9F}"
EndProject
Project("{2150E333-8FDC-42A3-9474-1A3956D46DE8}") = "03 Hot code swap", "03 Hot code swap", "{B60CE522-6822-4D9E-9D27-B4CE161505DF}"
EndProject
Project("{FAE04EC0-301F-11D3-BF4B-00C04F79EFBC}") = "HotSwap.Contracts", "src\HotSwap.Contracts\HotSwap.Contracts.csproj", "{1BECC212-6056-48EB-BDDC-74C70071F792}"
EndProject
Project("{FAE04EC0-301F-11D3-BF4B-00C04F79EFBC}") = "HotSwap.Greeting.V1", "src\HotSwap.Greeting.V1\HotSwap.Greeting.V1.csproj", "{951B9890-0735-4A19-8578-9C9F2B5025DB}"
EndProject
Project("{FAE04EC0-301F-11D3-BF4B-00C04F79EFBC}") = "HotSwap.Greeting.V2", "src\HotSwap.Greeting.V2\HotSwap.Greeting.V2.csproj", "{323382BA-A027-4E30-B1CE-ED04903C2102}"
EndProject
Project("{FAE04EC0-301F-11D3-BF4B-00C04F79EFBC}") = "HotSwapDemo.App", "src\HotSwapDemo.App\HotSwapDemo.App.csproj", "{2ECAE886-D846-4484-87FC-817680FEB532}"
EndProject
Global
	GlobalSection(SolutionConfigurationPlatforms) = preSolution
		Debug|Any CPU = Debug|Any CPU
		Release|Any CPU = Release|Any CPU
	EndGlobalSection
	GlobalSection(ProjectConfigurationPlatforms) = postSolution
		{5D7EE27E-4049-4368-AC01-2BF7AE3F9FB2}.Debug|Any CPU.ActiveCfg = Debug|Any CPU
		{5D7EE27E-4049-4368-AC01-2BF7AE3F9FB2}.Debug|Any CPU.Build.0 = Debug|Any CPU
		{5D7EE27E-4049-4368-AC01-2BF7AE3F9FB2}.Release|Any CPU.ActiveCfg = Release|Any CPU
		{5D7EE27E-4049-4368-AC01-2BF7AE3F9FB2}.Release|Any CPU.Build.0 = Release|Any CPU
		{FBED2DD7-C6FA-4942-BB87-4EA6D108D4F9}.Debug|Any CPU.ActiveCfg = Debug|Any CPU
		{FBED2DD7-C6FA-4942-BB87-4EA6D108D4F9}.Debug|Any CPU.Build.0 = Debug|Any CPU
		{FBED2DD7-C6FA-4942-BB87-4EA6D108D4F9}.Release|Any CPU.ActiveCfg = Release|Any CPU
		{FBED2DD7-C6FA-4942-BB87-4EA6D108D4F9}.Release|Any CPU.Build.0 = Release|Any CPU
		{A8AA9BE7-84E8-435F-8DDB-57279C8A5584}.Debug|Any CPU.ActiveCfg = Debug|Any CPU
		{A8AA9BE7-84E8-435F-8DDB-57279C8A5584}.Debug|Any CPU.Build.0 = Debug|Any CPU
		{A8AA9BE7-84E8-435F-8DDB-57279C8A5584}.Release|Any CPU.ActiveCfg = Release|Any CPU
		{A8AA9BE7-84E8-435F-8DDB-57279C8A5584}.Release|Any CPU.Build.0 = Release|Any CPU
		{D654AE15-05E0-4E39-A20A-9B6F74E69C52}.Debug|Any CPU.ActiveCfg = Debug|Any CPU
		{D654AE15-05E0-4E39-A20A-9B6F74E69C52}.Debug|Any CPU.Build.0 = Debug|Any CPU
		{D654AE15-05E0-4E39-A20A-9B6F74E69C52}.Release|Any CPU.ActiveCfg = Release|Any CPU
		{D654AE15-05E0-4E39-A20A-9B6F74E69C52}.Release|Any CPU.Build.0 = Release|Any CPU
		{902F3361-4850-4CCD-BA29-12EAEF0D0E91}.Debug|Any CPU.ActiveCfg = Debug|Any CPU
		{902F3361-4850-4CCD-BA29-12EAEF0D0E91}.Debug|Any CPU.Build.0 = Debug|Any CPU
		{902F3361-4850-4CCD-BA29-12EAEF0D0E91}.Release|Any CPU.ActiveCfg = Release|Any CPU
		{902F3361-4850-4CCD-BA29-12EAEF0D0E91}.Release|Any CPU.Build.0 = Release|Any CPU
		{87C2EFDD-F1C7-47AF-9762-F5E77914D484}.Debug|Any CPU.ActiveCfg = Debug|Any CPU
		{87C2EFDD-F1C7-47AF-9762-F5E77914D484}.Debug|Any CPU.Build.0 = Debug|Any CPU
		{87C2EFDD-F1C7-47AF-9762-F5E77914D484}.Release|Any CPU.ActiveCfg = Release|Any CPU
		{87C2EFDD-F1C7-47AF-9762-F5E77914D484}.Release|Any CPU.Build.0 = Release|Any CPU
		{FF450695-DA06-4DD1-B215-B4398940CC45}.Debug|Any CPU.ActiveCfg = Debug|Any CPU
		{FF450695-DA06-4DD1-B215-B4398940CC45}.Debug|Any CPU.Build.0 = Debug|Any CPU
		{FF450695-DA06-4DD1-B215-B4398940CC45}.Release|Any CPU.ActiveCfg = Release|Any CPU
		{FF450695-DA06-4DD1-B215-B4398940CC45}.Release|Any CPU.Build.0 = Release|Any CPU
		{2B014411-9819-4534-9337-517902CAEC9F}.Debug|Any CPU.ActiveCfg = Debug|Any CPU
		{2B014411-9819-4534-9337-517902CAEC9F}.Debug|Any CPU.Build.0 = Debug|Any CPU
		{2B014411-9819-4534-9337-517902CAEC9F}.Release|Any CPU.ActiveCfg = Release|Any CPU
		{2B014411-9819-4534-9337-517902CAEC9F}.Release|Any CPU.Build.0 = Release|Any CPU
		{1BECC212-6056-48EB-BDDC-74C70071F792}.Debug|Any CPU.ActiveCfg = Debug|Any CPU
		{1BECC212-6056-48EB-BDDC-74C70071F792}.Debug|Any CPU.Build.0 = Debug|Any CPU
		{1BECC212-6056-48EB-BDDC-74C70071F792}.Release|Any CPU.ActiveCfg = Release|Any CPU
		{1BECC212-6056-48EB-BDDC-74C70071F792}.Release|Any CPU.Build.0 = Release|Any CPU
		{951B9890-0735-4A19-8578-9C9F2B5025DB}.Debug|Any CPU.ActiveCfg = Debug|Any CPU
		{951B9890-0735-4A19-8578-9C9F2B5025DB}.Debug|Any CPU.Build.0 = Debug|Any CPU
		{951B9890-0735-4A19-8578-9C9F2B5025DB}.Release|Any CPU.ActiveCfg = Release|Any CPU
		{951B9890-0735-4A19-8578-9C9F2B5025DB}.Release|Any CPU.Build.0 = Release|Any CPU
		{323382BA-A027-4E30-B1CE-ED04903C2102}.Debug|Any CPU.ActiveCfg = Debug|Any CPU
		{323382BA-A027-4E30-B1CE-ED04903C2102}.Debug|Any CPU.Build.0 = Debug|Any CPU
		{323382BA-A027-4E30-B1CE-ED04903C2102}.Release|Any CPU.ActiveCfg = Release|Any CPU
		{323382BA-A027-4E30-B1CE-ED04903C2102}.Release|Any CPU.Build.0 = Release|Any CPU
		{2ECAE886-D846-4484-87FC-817680FEB532}.Debug|Any CPU.ActiveCfg = Debug|Any CPU
		{2ECAE886-D846-4484-87FC-817680FEB532}.Debug|Any CPU.Build.0 = Debug|Any CPU
		{2ECAE886-D846-4484-87FC-817680FEB532}.Release|Any CPU.ActiveCfg = Release|Any CPU
		{2ECAE886-D846-4484-87FC-817680FEB532}.Release|Any CPU.Build.0 = Release|Any CPU
	EndGlobalSection
	GlobalSection(SolutionProperties) = preSolution
		HideSolutionNode = FALSE
	EndGlobalSection
	GlobalSection(NestedProjects) = preSolution
		{FBED2DD7-C6FA-4942-BB87-4EA6D108D4F9} = {102D3D57-0B26-4188-93E3-50259E46AC17}
		{A8AA9BE7-84E8-435F-8DDB-57279C8A5584} = {102D3D57-0B26-4188-93E3-50259E46AC17}
		{D654AE15-05E0-4E39-A20A-9B6F74E69C52} = {102D3D57-0B26-4188-93E3-50259E46AC17}
		{5D7EE27E-4049-4368-AC01-2BF7AE3F9FB2} = {102D3D57-0B26-4188-93E3-50259E46AC17}
		{902F3361-4850-4CCD-BA29-12EAEF0D0E91} = {F1A186E6-C782-49B6-8407-019DDE8B7C50}
		{87C2EFDD-F1C7-47AF-9762-F5E77914D484} = {F1A186E6-C782-49B6-8407-019DDE8B7C50}
		{FF450695-DA06-4DD1-B215-B4398940CC45} = {F1A186E6-C782-49B6-8407-019DDE8B7C50}
		{2B014411-9819-4534-9337-517902CAEC9F} = {2B6B65F4-3F2B-42D8-91B8-C3A6665C35A6}
		{1BECC212-6056-48EB-BDDC-74C70071F792} = {B60CE522-6822-4D9E-9D27-B4CE161505DF}
		{951B9890-0735-4A19-8578-9C9F2B5025DB} = {B60CE522-6822-4D9E-9D27-B4CE161505DF}
		{323382BA-A027-4E30-B1CE-ED04903C2102} = {B60CE522-6822-4D9E-9D27-B4CE161505DF}
		{2ECAE886-D846-4484-87FC-817680FEB532} = {B60CE522-6822-4D9E-9D27-B4CE161505DF}
	EndGlobalSection
EndGlobal
