
Microsoft Visual Studio Solution File, Format Version 12.00
# Visual Studio 2012
Project("{FAE04EC0-301F-11D3-BF4B-00C04F79EFBC}") = "DemoApp", "DemoApp\DemoApp.csproj", "{5D7EE27E-4049-4368-AC01-2BF7AE3F9FB2}"
	ProjectSection(ProjectDependencies) = postProject
		{A8AA9BE7-84E8-435F-8DDB-57279C8A5584} = {A8AA9BE7-84E8-435F-8DDB-57279C8A5584}
	EndProjectSection
EndProject
Project("{FAE04EC0-301F-11D3-BF4B-00C04F79EFBC}") = "DemoApp.Unit.Tests", "DemoApp.Unit.Tests\DemoApp.Unit.Tests.csproj", "{FBED2DD7-C6FA-4942-BB87-4EA6D108D4F9}"
EndProject
Project("{FAE04EC0-301F-11D3-BF4B-00C04F79EFBC}") = "DemoAppPlugins", "DemoAppPlugins\DemoAppPlugins.csproj", "{A8AA9BE7-84E8-435F-8DDB-57279C8A5584}"
EndProject
Project("{FAE04EC0-301F-11D3-BF4B-00C04F79EFBC}") = "DemoApp.Contracts", "DemoApp.Contracts\DemoApp.Contracts.csproj", "{D654AE15-05E0-4E39-A20A-9B6F74E69C52}"
EndProject
Project("{2150E333-8FDC-42A3-9474-1A3956D46DE8}") = "Simple plugin and IoC demo", "Simple plugin and IoC demo", "{102D3D57-0B26-4188-93E3-50259E46AC17}"
EndProject
Project("{2150E333-8FDC-42A3-9474-1A3956D46DE8}") = "Live plugin experiment", "Live plugin experiment", "{F1A186E6-C782-49B6-8407-019DDE8B7C50}"
EndProject
Project("{FAE04EC0-301F-11D3-BF4B-00C04F79EFBC}") = "PluginWatcher", "PluginWatcher\PluginWatcher.csproj", "{902F3361-4850-4CCD-BA29-12EAEF0D0E91}"
	ProjectSection(ProjectDependencies) = postProject
		{FF450695-DA06-4DD1-B215-B4398940CC45} = {FF450695-DA06-4DD1-B215-B4398940CC45}
	EndProjectSection
EndProject
Project("{FAE04EC0-301F-11D3-BF4B-00C04F79EFBC}") = "PluginWatcher.Contracts", "PluginWatcher.Contracts\PluginWatcher.Contracts.csproj", "{87C2EFDD-F1C7-47AF-9762-F5E77914D484}"
EndProject
Project("{FAE04EC0-301F-11D3-BF4B-00C04F79EFBC}") = "WatcherPlugin_A", "WatcherPlugin_A\WatcherPlugin_A.csproj", "{FF450695-DA06-4DD1-B215-B4398940CC45}"
EndProject
Global
	GlobalSection(SolutionConfigurationPlatforms) = preSolution
		Debug|Any CPU = Debug|Any CPU
		Release|Any CPU = Release|Any CPU
	EndGlobalSection
	GlobalSection(ProjectConfigurationPlatforms) = postSolution
		{5D7EE27E-4049-4368-AC01-2BF7AE3F9FB2}.Debug|Any CPU.ActiveCfg = Debug|Any CPU
		{5D7EE27E-4049-4368-AC01-2BF7AE3F9FB2}.Debug|Any CPU.Build.0 = Debug|Any CPU
		{5D7EE27E-4049-4368-AC01-2BF7AE3F9FB2}.Release|Any CPU.ActiveCfg = Release|Any CPU
		{5D7EE27E-4049-4368-AC01-2BF7AE3F9FB2}.Release|Any CPU.Build.0 = Release|Any CPU
		{FBED2DD7-C6FA-4942-BB87-4EA6D108D4F9}.Debug|Any CPU.ActiveCfg = Debug|Any CPU
		{FBED2DD7-C6FA-4942-BB87-4EA6D108D4F9}.Debug|Any CPU.Build.0 = Debug|Any CPU
		{FBED2DD7-C6FA-4942-BB87-4EA6D108D4F9}.Release|Any CPU.ActiveCfg = Release|Any CPU
		{FBED2DD7-C6FA-4942-BB87-4EA6D108D4F9}.Release|Any CPU.Build.0 = Release|Any CPU
		{A8AA9BE7-84E8-435F-8DDB-57279C8A5584}.Debug|Any CPU.ActiveCfg = Debug|Any CPU
		{A8AA9BE7-84E8-435F-8DDB-57279C8A5584}.Debug|Any CPU.Build.0 = Debug|Any CPU
		{A8AA9BE7-84E8-435F-8DDB-57279C8A5584}.Release|Any CPU.ActiveCfg = Release|Any CPU
		{A8AA9BE7-84E8-435F-8DDB-57279C8A5584}.Release|Any CPU.Build.0 = Release|Any CPU
		{D654AE15-05E0-4E39-A20A-9B6F74E69C52}.Debug|Any CPU.ActiveCfg = Debug|Any CPU
		{D654AE15-05E0-4E39-A20A-9B6F74E69C52}.Debug|Any CPU.Build.0 = Debug|Any CPU
		{D654AE15-05E0-4E39-A20A-9B6F74E69C52}.Release|Any CPU.ActiveCfg = Release|Any CPU
		{D654AE15-05E0-4E39-A20A-9B6F74E69C52}.Release|Any CPU.Build.0 = Release|Any CPU
		{902F3361-4850-4CCD-BA29-12EAEF0D0E91}.Debug|Any CPU.ActiveCfg = Debug|Any CPU
		{902F3361-4850-4CCD-BA29-12EAEF0D0E91}.Debug|Any CPU.Build.0 = Debug|Any CPU
		{902F3361-4850-4CCD-BA29-12EAEF0D0E91}.Release|Any CPU.ActiveCfg = Release|Any CPU
		{902F3361-4850-4CCD-BA29-12EAEF0D0E91}.Release|Any CPU.Build.0 = Release|Any CPU
		{87C2EFDD-F1C7-47AF-9762-F5E77914D484}.Debug|Any CPU.ActiveCfg = Debug|Any CPU
		{87C2EFDD-F1C7-47AF-9762-F5E77914D484}.Debug|Any CPU.Build.0 = Debug|Any CPU
		{87C2EFDD-F1C7-47AF-9762-F5E77914D484}.Release|Any CPU.ActiveCfg = Release|Any CPU
		{87C2EFDD-F1C7-47AF-9762-F5E77914D484}.Release|Any CPU.Build.0 = Release|Any CPU
		{FF450695-DA06-4DD1-B215-B4398940CC45}.Debug|Any CPU.ActiveCfg = Debug|Any CPU
		{FF450695-DA06-4DD1-B215-B4398940CC45}.Debug|Any CPU.Build.0 = Debug|Any CPU
		{FF450695-DA06-4DD1-B215-B4398940CC45}.Release|Any CPU.ActiveCfg = Release|Any CPU
		{FF450695-DA06-4DD1-B215-B4398940CC45}.Release|Any CPU.Build.0 = Release|Any CPU
	EndGlobalSection
	GlobalSection(SolutionProperties) = preSolution
		HideSolutionNode = FALSE
	EndGlobalSection
	GlobalSection(NestedProjects) = preSolution
		{5D7EE27E-4049-4368-AC01-2BF7AE3F9FB2} = {102D3D57-0B26-4188-93E3-50259E46AC17}
		{D654AE15-05E0-4E39-A20A-9B6F74E69C52} = {102D3D57-0B26-4188-93E3-50259E46AC17}
		{FBED2DD7-C6FA-4942-BB87-4EA6D108D4F9} = {102D3D57-0B26-4188-93E3-50259E46AC17}
		{A8AA9BE7-84E8-435F-8DDB-57279C8A5584} = {102D3D57-0B26-4188-93E3-50259E46AC17}
		{902F3361-4850-4CCD-BA29-12EAEF0D0E91} = {F1A186E6-C782-49B6-8407-019DDE8B7C50}
		{87C2EFDD-F1C7-47AF-9762-F5E77914D484} = {F1A186E6-C782-49B6-8407-019DDE8B7C50}
		{FF450695-DA06-4DD1-B215-B4398940CC45} = {F1A186E6-C782-49B6-8407-019DDE8B7C50}
	EndGlobalSection
EndGlobal
